{
  "nodes": {
    "fzf-popup": {
      "inputs": {
        "nixpkgs": [
          "nixpkgs"
        ]
      },
      "locked": {
        "lastModified": 1791207319,
        "narHash": "sha256-5Skej5fQkAtY19Wkzt5oHcEAeRlM+QohdKHp5bK+fi0=",
        "owner": "SpreadZhao",
        "repo": "fzf-popup",
        "rev": "83bb7e2ff7a6086d582737d0f5621fe0a44f741d",
        "type": "github"
      },
      "original": {
        "owner": "SpreadZhao",
        "ref": "main",
        "repo": "fzf-popup",
        "type": "github"
      }
    },
    "nixpkgs": {
      "locked": {
        "lastModified": 1790822859,
        "narHash": "sha256-69xHQhAeMAD2wDXO7T2pcOZIF9Sga2W+JkmY2a11Ops=",
        "owner": "nixos",
        "repo": "nixpkgs",
        "rev": "c59305bab2065cfecc4944690d9eedbb56f3a9fa",
        "type": "github"
      },
      "original": {
        "owner": "nixos",
        "ref": "nixos-unstable",
        "repo": "nixpkgs",
        "type": "github"
      }
    },
    "root": {
      "inputs": {
        "fzf-popup": "fzf-popup",
        "nixpkgs": "nixpkgs"
      }
    }
  },
  "root": "root",
  "version": 7
}
